
Microsoft Visual Studio Solution File, Format Version 12.00
# Visual Studio Version 16
VisualStudioVersion = 16.0.33529.622
MinimumVisualStudioVersion = 10.0.40219.1
Project("{FAE04EC0-301F-11D3-BF4B-00C04F79EFBC}") = "Montageplan", "Montageplan\Montageplan.csproj", "{2E248D20-E241-406A-A589-BC36053E26E8}"
EndProject
Project("{2150E333-8FDC-42A3-9474-1A3956D46DE8}") = "Solution Items", "Solution Items", "{161B3C4C-3845-4046-9284-EAFB13C249D4}"
	ProjectSection(SolutionItems) = preProject
		ReadMe.md = ReadMe.md
	EndProjectSection
EndProject
Global
	GlobalSection(SolutionConfigurationPlatforms) = preSolution
		Debug|Any CPU = Debug|Any CPU
		Release|Any CPU = Release|Any CPU
	EndGlobalSection
	GlobalSection(ProjectConfigurationPlatforms) = postSolution
		{2E248D20-E241-406A-A589-BC36053E26E8}.Debug|Any CPU.ActiveCfg = Debug|Any CPU
		{2E248D20-E241-406A-A589-BC36053E26E8}.Debug|Any CPU.Build.0 = Debug|Any CPU
		{2E248D20-E241-406A-A589-BC36053E26E8}.Release|Any CPU.ActiveCfg = Release|Any CPU
		{2E248D20-E241-406A-A589-BC36053E26E8}.Release|Any CPU.Build.0 = Release|Any CPU
	EndGlobalSection
	GlobalSection(SolutionProperties) = preSolution
		HideSolutionNode = FALSE
	EndGlobalSection
	GlobalSection(ExtensibilityGlobals) = postSolution
		SolutionGuid = {771E6445-2C1F-49AC-BF39-F0C1E8B3216E}
	EndGlobalSection
EndGlobal
